
Microsoft Visual Studio Solution File, Format Version 12.00
# Visual Studio Version 16
VisualStudioVersion = 16.0.30320.27
MinimumVisualStudioVersion = 10.0.40219.1
Project("{FAE04EC0-301F-11D3-BF4B-00C04F79EFBC}") = "ProjectJavelin", "ProjectJavelin\ProjectJavelin.csproj", "{089FA5D1-4063-4B22-BBDB-0011C257686E}"
EndProject
Global
	GlobalSection(SolutionConfigurationPlatforms) = preSolution
		Debug|Any CPU = Debug|Any CPU
		Release|Any CPU = Release|Any CPU
	EndGlobalSection
	GlobalSection(ProjectConfigurationPlatforms) = postSolution
		{089FA5D1-4063-4B22-BBDB-0011C257686E}.Debug|Any CPU.ActiveCfg = Debug|Any CPU
		{089FA5D1-4063-4B22-BBDB-0011C257686E}.Debug|Any CPU.Build.0 = Debug|Any CPU
		{089FA5D1-4063-4B22-BBDB-0011C257686E}.Release|Any CPU.ActiveCfg = Release|Any CPU
		{089FA5D1-4063-4B22-BBDB-0011C257686E}.Release|Any CPU.Build.0 = Release|Any CPU
	EndGlobalSection
	GlobalSection(SolutionProperties) = preSolution
		HideSolutionNode = FALSE
	EndGlobalSection
	GlobalSection(ExtensibilityGlobals) = postSolution
		SolutionGuid = {1257ABDE-0236-4D60-B318-2FDF8227FFB8}
	EndGlobalSection
EndGlobal
